
Microsoft Visual Studio Solution File, Format Version 12.00
# Visual Studio 15
VisualStudioVersion = 15.0.28307.168
MinimumVisualStudioVersion = 10.0.40219.1
Project("{FAE04EC0-301F-11D3-BF4B-00C04F79EFBC}") = "FooFrontend", "FooFrontend\FooFrontend.csproj", "{2053F0B3-770E-4890-B0C9-0C67D5308B7F}"
EndProject
Project("{FAE04EC0-301F-11D3-BF4B-00C04F79EFBC}") = "FooBackend", "FooBackend\FooBackend.csproj", "{8DEF0A47-41FA-4DA5-AC9A-0594CE2ED1B6}"
EndProject
Global
	GlobalSection(SolutionConfigurationPlatforms) = preSolution
		Debug|Any CPU = Debug|Any CPU
		Release|Any CPU = Release|Any CPU
	EndGlobalSection
	GlobalSection(ProjectConfigurationPlatforms) = postSolution
		{2053F0B3-770E-4890-B0C9-0C67D5308B7F}.Debug|Any CPU.ActiveCfg = Debug|Any CPU
		{2053F0B3-770E-4890-B0C9-0C67D5308B7F}.Debug|Any CPU.Build.0 = Debug|Any CPU
		{2053F0B3-770E-4890-B0C9-0C67D5308B7F}.Release|Any CPU.ActiveCfg = Release|Any CPU
		{2053F0B3-770E-4890-B0C9-0C67D5308B7F}.Release|Any CPU.Build.0 = Release|Any CPU
		{8DEF0A47-41FA-4DA5-AC9A-0594CE2ED1B6}.Debug|Any CPU.ActiveCfg = Debug|Any CPU
		{8DEF0A47-41FA-4DA5-AC9A-0594CE2ED1B6}.Debug|Any CPU.Build.0 = Debug|Any CPU
		{8DEF0A47-41FA-4DA5-AC9A-0594CE2ED1B6}.Release|Any CPU.ActiveCfg = Release|Any CPU
		{8DEF0A47-41FA-4DA5-AC9A-0594CE2ED1B6}.Release|Any CPU.Build.0 = Release|Any CPU
	EndGlobalSection
	GlobalSection(SolutionProperties) = preSolution
		HideSolutionNode = FALSE
	EndGlobalSection
	GlobalSection(ExtensibilityGlobals) = postSolution
		SolutionGuid = {D70F43DB-018F-4463-B06D-19AE0570DB53}
	EndGlobalSection
EndGlobal
